
Microsoft Visual Studio Solution File, Format Version 12.00
# Visual Studio Version 16
VisualStudioVersion = 16.0.33927.289
MinimumVisualStudioVersion = 10.0.40219.1
Project("{2150E333-8FDC-42A3-9474-1A3956D46DE8}") = "Task0", "Task0", "{25EE2564-7412-4129-A0EA-7BB4EECC740C}"
EndProject
Project("{FAE04EC0-301F-11D3-BF4B-00C04F79EFBC}") = "Tyuiu.KupriyanovEA.Sprint3.Task0.V7", "Tyuiu.KupriyanovEA.Sprint3.Task0.V7\Tyuiu.KupriyanovEA.Sprint3.Task0.V7.csproj", "{02009CFB-BE13-45E9-9C71-7B112ED402A1}"
EndProject
Project("{FAE04EC0-301F-11D3-BF4B-00C04F79EFBC}") = "Tyuiu.KupriyanovEA.Sprint3.Task0.V7.Lib", "Tyuiu.KupriyanovEA.Sprint3.Task0.V7.Lib\Tyuiu.KupriyanovEA.Sprint3.Task0.V7.Lib.csproj", "{32E0F441-A6C0-4606-A58D-1638921C893F}"
EndProject
Project("{FAE04EC0-301F-11D3-BF4B-00C04F79EFBC}") = "Tyuiu.KupriyanovEA.Sprint3.Task0.V7.Test", "Tyuiu.KupriyanovEA.Sprint3.Task0.V7.Test\Tyuiu.KupriyanovEA.Sprint3.Task0.V7.Test.csproj", "{99F570EC-93A1-41EC-A9D9-C3915B8FF500}"
EndProject
Project("{2150E333-8FDC-42A3-9474-1A3956D46DE8}") = "Task1", "Task1", "{88C52464-6F32-409A-A650-3C666B754DAD}"
EndProject
Project("{FAE04EC0-301F-11D3-BF4B-00C04F79EFBC}") = "Tyuiu.KupriyanovEA.Sprint3.Task1.V13", "Tyuiu.KupriyanovEA.Sprint3.Task1.V13\Tyuiu.KupriyanovEA.Sprint3.Task1.V13.csproj", "{4652A7F7-950B-44FD-900F-565C2282DB04}"
EndProject
Project("{FAE04EC0-301F-11D3-BF4B-00C04F79EFBC}") = "Tyuiu.KupriyanovEA.Sprint3.Task1.V13.Lib", "Tyuiu.KupriyanovEA.Sprint3.Task1.V13.Lib\Tyuiu.KupriyanovEA.Sprint3.Task1.V13.Lib.csproj", "{C1579065-2CBD-41D0-AF3F-0C0E20EC2883}"
EndProject
Project("{FAE04EC0-301F-11D3-BF4B-00C04F79EFBC}") = "Tyuiu.KupriyanovEA.Sprint3.Task1.V13.Test", "Tyuiu.KupriyanovEA.Sprint3.Task1.V13.Test\Tyuiu.KupriyanovEA.Sprint3.Task1.V13.Test.csproj", "{57D5D464-253B-4DEE-8EAA-8BDA82432486}"
EndProject
Project("{2150E333-8FDC-42A3-9474-1A3956D46DE8}") = "Task2", "Task2", "{97A20796-80EA-422D-8B28-B51743F1182D}"
EndProject
Project("{FAE04EC0-301F-11D3-BF4B-00C04F79EFBC}") = "Tyuiu.KupriyanovEA.Sprint3.Task2.V9", "Tyuiu.KupriyanovEA.Sprint3.Task2.V9\Tyuiu.KupriyanovEA.Sprint3.Task2.V9.csproj", "{24F00500-CC12-4650-B943-BF7A9C1C33B7}"
EndProject
Project("{FAE04EC0-301F-11D3-BF4B-00C04F79EFBC}") = "Tyuiu.KupriyanovEA.Sprint3.Task2.V9.Lib", "Tyuiu.KupriyanovEA.Sprint3.Task2.V9.Lib\Tyuiu.KupriyanovEA.Sprint3.Task2.V9.Lib.csproj", "{4D340A9A-1FCC-4B16-B953-4A4E8DC8F21D}"
EndProject
Project("{FAE04EC0-301F-11D3-BF4B-00C04F79EFBC}") = "Tyuiu.KupriyanovEA.Sprint3.Task2.V9.Test", "Tyuiu.KupriyanovEA.Sprint3.Task2.V9.Test\Tyuiu.KupriyanovEA.Sprint3.Task2.V9.Test.csproj", "{F598B577-0713-42A2-851A-77D9C08E7465}"
EndProject
Project("{2150E333-8FDC-42A3-9474-1A3956D46DE8}") = "Task3", "Task3", "{5D625B08-D044-4594-97CC-4F62550D9EBC}"
EndProject
Project("{FAE04EC0-301F-11D3-BF4B-00C04F79EFBC}") = "Tyuiu.KupriyanovEA.Sprint3.Task3.V18", "Tyuiu.KupriyanovEA.Sprint3.Task3.V18\Tyuiu.KupriyanovEA.Sprint3.Task3.V18.csproj", "{A4681946-ED27-4702-9FAD-31D91EF9FAA9}"
EndProject
Project("{FAE04EC0-301F-11D3-BF4B-00C04F79EFBC}") = "Tyuiu.KupriyanovEA.Sprint3.Task3.V18.Lib", "Tyuiu.KupriyanovEA.Sprint3.Task3.V18.Lib\Tyuiu.KupriyanovEA.Sprint3.Task3.V18.Lib.csproj", "{A414D3B4-25A4-405C-92D1-1F4E3D6D4150}"
EndProject
Project("{FAE04EC0-301F-11D3-BF4B-00C04F79EFBC}") = "Tyuiu.KupriyanovEA.Sprint3.Task3.V18.Test", "Tyuiu.KupriyanovEA.Sprint3.Task3.V18.Test\Tyuiu.KupriyanovEA.Sprint3.Task3.V18.Test.csproj", "{09865435-29E8-4408-83CB-759BF567F631}"
EndProject
Project("{2150E333-8FDC-42A3-9474-1A3956D46DE8}") = "Task4", "Task4", "{5735C409-0117-4364-BBE4-298CB2463A34}"
EndProject
Project("{FAE04EC0-301F-11D3-BF4B-00C04F79EFBC}") = "Tyuiu.KupriyanovEA.Sprint3.Task4.V3", "Tyuiu.KupriyanovEA.Sprint3.Task4.V3\Tyuiu.KupriyanovEA.Sprint3.Task4.V3.csproj", "{193EC915-59F5-4AC9-BB6F-7DF775A8D575}"
EndProject
Project("{FAE04EC0-301F-11D3-BF4B-00C04F79EFBC}") = "Tyuiu.KupriyanovEA.Sprint3.Task4.V3.Lib", "Tyuiu.KupriyanovEA.Sprint3.Task4.V3.Lib\Tyuiu.KupriyanovEA.Sprint3.Task4.V3.Lib.csproj", "{DF967C48-59B6-496C-B3D4-E19CD053C3FA}"
EndProject
Project("{FAE04EC0-301F-11D3-BF4B-00C04F79EFBC}") = "Tyuiu.KupriyanovEA.Sprint3.Task4.V3.Test", "Tyuiu.KupriyanovEA.Sprint3.Task4.V3.Test\Tyuiu.KupriyanovEA.Sprint3.Task4.V3.Test.csproj", "{FACD84EB-4333-4FF7-BFD3-8F192EF47463}"
EndProject
Global
	GlobalSection(SolutionConfigurationPlatforms) = preSolution
		Debug|Any CPU = Debug|Any CPU
		Release|Any CPU = Release|Any CPU
	EndGlobalSection
	GlobalSection(ProjectConfigurationPlatforms) = postSolution
		{02009CFB-BE13-45E9-9C71-7B112ED402A1}.Debug|Any CPU.ActiveCfg = Debug|Any CPU
		{02009CFB-BE13-45E9-9C71-7B112ED402A1}.Debug|Any CPU.Build.0 = Debug|Any CPU
		{02009CFB-BE13-45E9-9C71-7B112ED402A1}.Release|Any CPU.ActiveCfg = Release|Any CPU
		{02009CFB-BE13-45E9-9C71-7B112ED402A1}.Release|Any CPU.Build.0 = Release|Any CPU
		{32E0F441-A6C0-4606-A58D-1638921C893F}.Debug|Any CPU.ActiveCfg = Debug|Any CPU
		{32E0F441-A6C0-4606-A58D-1638921C893F}.Debug|Any CPU.Build.0 = Debug|Any CPU
		{32E0F441-A6C0-4606-A58D-1638921C893F}.Release|Any CPU.ActiveCfg = Release|Any CPU
		{32E0F441-A6C0-4606-A58D-1638921C893F}.Release|Any CPU.Build.0 = Release|Any CPU
		{99F570EC-93A1-41EC-A9D9-C3915B8FF500}.Debug|Any CPU.ActiveCfg = Debug|Any CPU
		{99F570EC-93A1-41EC-A9D9-C3915B8FF500}.Debug|Any CPU.Build.0 = Debug|Any CPU
		{99F570EC-93A1-41EC-A9D9-C3915B8FF500}.Release|Any CPU.ActiveCfg = Release|Any CPU
		{99F570EC-93A1-41EC-A9D9-C3915B8FF500}.Release|Any CPU.Build.0 = Release|Any CPU
		{4652A7F7-950B-44FD-900F-565C2282DB04}.Debug|Any CPU.ActiveCfg = Debug|Any CPU
		{4652A7F7-950B-44FD-900F-565C2282DB04}.Debug|Any CPU.Build.0 = Debug|Any CPU
		{4652A7F7-950B-44FD-900F-565C2282DB04}.Release|Any CPU.ActiveCfg = Release|Any CPU
		{4652A7F7-950B-44FD-900F-565C2282DB04}.Release|Any CPU.Build.0 = Release|Any CPU
		{C1579065-2CBD-41D0-AF3F-0C0E20EC2883}.Debug|Any CPU.ActiveCfg = Debug|Any CPU
		{C1579065-2CBD-41D0-AF3F-0C0E20EC2883}.Debug|Any CPU.Build.0 = Debug|Any CPU
		{C1579065-2CBD-41D0-AF3F-0C0E20EC2883}.Release|Any CPU.ActiveCfg = Release|Any CPU
		{C1579065-2CBD-41D0-AF3F-0C0E20EC2883}.Release|Any CPU.Build.0 = Release|Any CPU
		{57D5D464-253B-4DEE-8EAA-8BDA82432486}.Debug|Any CPU.ActiveCfg = Debug|Any CPU
		{57D5D464-253B-4DEE-8EAA-8BDA82432486}.Debug|Any CPU.Build.0 = Debug|Any CPU
		{57D5D464-253B-4DEE-8EAA-8BDA82432486}.Release|Any CPU.ActiveCfg = Release|Any CPU
		{57D5D464-253B-4DEE-8EAA-8BDA82432486}.Release|Any CPU.Build.0 = Release|Any CPU
		{24F00500-CC12-4650-B943-BF7A9C1C33B7}.Debug|Any CPU.ActiveCfg = Debug|Any CPU
		{24F00500-CC12-4650-B943-BF7A9C1C33B7}.Debug|Any CPU.Build.0 = Debug|Any CPU
		{24F00500-CC12-4650-B943-BF7A9C1C33B7}.Release|Any CPU.ActiveCfg = Release|Any CPU
		{24F00500-CC12-4650-B943-BF7A9C1C33B7}.Release|Any CPU.Build.0 = Release|Any CPU
		{4D340A9A-1FCC-4B16-B953-4A4E8DC8F21D}.Debug|Any CPU.ActiveCfg = Debug|Any CPU
		{4D340A9A-1FCC-4B16-B953-4A4E8DC8F21D}.Debug|Any CPU.Build.0 = Debug|Any CPU
		{4D340A9A-1FCC-4B16-B953-4A4E8DC8F21D}.Release|Any CPU.ActiveCfg = Release|Any CPU
		{4D340A9A-1FCC-4B16-B953-4A4E8DC8F21D}.Release|Any CPU.Build.0 = Release|Any CPU
		{F598B577-0713-42A2-851A-77D9C08E7465}.Debug|Any CPU.ActiveCfg = Debug|Any CPU
		{F598B577-0713-42A2-851A-77D9C08E7465}.Debug|Any CPU.Build.0 = Debug|Any CPU
		{F598B577-0713-42A2-851A-77D9C08E7465}.Release|Any CPU.ActiveCfg = Release|Any CPU
		{F598B577-0713-42A2-851A-77D9C08E7465}.Release|Any CPU.Build.0 = Release|Any CPU
		{A4681946-ED27-4702-9FAD-31D91EF9FAA9}.Debug|Any CPU.ActiveCfg = Debug|Any CPU
		{A4681946-ED27-4702-9FAD-31D91EF9FAA9}.Debug|Any CPU.Build.0 = Debug|Any CPU
		{A4681946-ED27-4702-9FAD-31D91EF9FAA9}.Release|Any CPU.ActiveCfg = Release|Any CPU
		{A4681946-ED27-4702-9FAD-31D91EF9FAA9}.Release|Any CPU.Build.0 = Release|Any CPU
		{A414D3B4-25A4-405C-92D1-1F4E3D6D4150}.Debug|Any CPU.ActiveCfg = Debug|Any CPU
		{A414D3B4-25A4-405C-92D1-1F4E3D6D4150}.Debug|Any CPU.Build.0 = Debug|Any CPU
		{A414D3B4-25A4-405C-92D1-1F4E3D6D4150}.Release|Any CPU.ActiveCfg = Release|Any CPU
		{A414D3B4-25A4-405C-92D1-1F4E3D6D4150}.Release|Any CPU.Build.0 = Release|Any CPU
		{09865435-29E8-4408-83CB-759BF567F631}.Debug|Any CPU.ActiveCfg = Debug|Any CPU
		{09865435-29E8-4408-83CB-759BF567F631}.Debug|Any CPU.Build.0 = Debug|Any CPU
		{09865435-29E8-4408-83CB-759BF567F631}.Release|Any CPU.ActiveCfg = Release|Any CPU
		{09865435-29E8-4408-83CB-759BF567F631}.Release|Any CPU.Build.0 = Release|Any CPU
		{193EC915-59F5-4AC9-BB6F-7DF775A8D575}.Debug|Any CPU.ActiveCfg = Debug|Any CPU
		{193EC915-59F5-4AC9-BB6F-7DF775A8D575}.Debug|Any CPU.Build.0 = Debug|Any CPU
		{193EC915-59F5-4AC9-BB6F-7DF775A8D575}.Release|Any CPU.ActiveCfg = Release|Any CPU
		{193EC915-59F5-4AC9-BB6F-7DF775A8D575}.Release|Any CPU.Build.0 = Release|Any CPU
		{DF967C48-59B6-496C-B3D4-E19CD053C3FA}.Debug|Any CPU.ActiveCfg = Debug|Any CPU
		{DF967C48-59B6-496C-B3D4-E19CD053C3FA}.Debug|Any CPU.Build.0 = Debug|Any CPU
		{DF967C48-59B6-496C-B3D4-E19CD053C3FA}.Release|Any CPU.ActiveCfg = Release|Any CPU
		{DF967C48-59B6-496C-B3D4-E19CD053C3FA}.Release|Any CPU.Build.0 = Release|Any CPU
		{FACD84EB-4333-4FF7-BFD3-8F192EF47463}.Debug|Any CPU.ActiveCfg = Debug|Any CPU
		{FACD84EB-4333-4FF7-BFD3-8F192EF47463}.Debug|Any CPU.Build.0 = Debug|Any CPU
		{FACD84EB-4333-4FF7-BFD3-8F192EF47463}.Release|Any CPU.ActiveCfg = Release|Any CPU
		{FACD84EB-4333-4FF7-BFD3-8F192EF47463}.Release|Any CPU.Build.0 = Release|Any CPU
	EndGlobalSection
	GlobalSection(SolutionProperties) = preSolution
		HideSolutionNode = FALSE
	EndGlobalSection
	GlobalSection(NestedProjects) = preSolution
		{02009CFB-BE13-45E9-9C71-7B112ED402A1} = {25EE2564-7412-4129-A0EA-7BB4EECC740C}
		{32E0F441-A6C0-4606-A58D-1638921C893F} = {25EE2564-7412-4129-A0EA-7BB4EECC740C}
		{99F570EC-93A1-41EC-A9D9-C3915B8FF500} = {25EE2564-7412-4129-A0EA-7BB4EECC740C}
		{4652A7F7-950B-44FD-900F-565C2282DB04} = {88C52464-6F32-409A-A650-3C666B754DAD}
		{C1579065-2CBD-41D0-AF3F-0C0E20EC2883} = {88C52464-6F32-409A-A650-3C666B754DAD}
		{57D5D464-253B-4DEE-8EAA-8BDA82432486} = {88C52464-6F32-409A-A650-3C666B754DAD}
		{24F00500-CC12-4650-B943-BF7A9C1C33B7} = {97A20796-80EA-422D-8B28-B51743F1182D}
		{4D340A9A-1FCC-4B16-B953-4A4E8DC8F21D} = {97A20796-80EA-422D-8B28-B51743F1182D}
		{F598B577-0713-42A2-851A-77D9C08E7465} = {97A20796-80EA-422D-8B28-B51743F1182D}
		{A4681946-ED27-4702-9FAD-31D91EF9FAA9} = {5D625B08-D044-4594-97CC-4F62550D9EBC}
		{A414D3B4-25A4-405C-92D1-1F4E3D6D4150} = {5D625B08-D044-4594-97CC-4F62550D9EBC}
		{09865435-29E8-4408-83CB-759BF567F631} = {5D625B08-D044-4594-97CC-4F62550D9EBC}
		{193EC915-59F5-4AC9-BB6F-7DF775A8D575} = {5735C409-0117-4364-BBE4-298CB2463A34}
		{DF967C48-59B6-496C-B3D4-E19CD053C3FA} = {5735C409-0117-4364-BBE4-298CB2463A34}
		{FACD84EB-4333-4FF7-BFD3-8F192EF47463} = {5735C409-0117-4364-BBE4-298CB2463A34}
	EndGlobalSection
	GlobalSection(ExtensibilityGlobals) = postSolution
		SolutionGuid = {B34136AA-C534-465D-9001-1E6AD2753EDE}
	EndGlobalSection
EndGlobal
